
Microsoft Visual Studio Solution File, Format Version 12.00
# Visual Studio Version 17
VisualStudioVersion = 17.0.31903.59
MinimumVisualStudioVersion = 10.0.40219.1
Project("{FAE04EC0-301F-11D3-BF4B-00C04F79EFBC}") = "MedicalResearch.Domain", "MedicalResearch.Domain\MedicalResearch.Domain.csproj", "{F8571AD8-8066-4A6C-A4E2-8B4E6112A97A}"
EndProject
Project("{FAE04EC0-301F-11D3-BF4B-00C04F79EFBC}") = "MedicalResearch.DAL", "MedicalResearch.DAL\MedicalResearch.DAL.csproj", "{D882030D-0C73-46E7-8F27-498999586D0A}"
	ProjectSection(ProjectDependencies) = postProject
		{F8571AD8-8066-4A6C-A4E2-8B4E6112A97A} = {F8571AD8-8066-4A6C-A4E2-8B4E6112A97A}
	EndProjectSection
EndProject
Project("{FAE04EC0-301F-11D3-BF4B-00C04F79EFBC}") = "MedicalResearch.Api", "MedicalResearch.Api\MedicalResearch.Api.csproj", "{0966E5CD-26BC-47A9-92F4-E5E52622A85F}"
	ProjectSection(ProjectDependencies) = postProject
		{D882030D-0C73-46E7-8F27-498999586D0A} = {D882030D-0C73-46E7-8F27-498999586D0A}
		{F8571AD8-8066-4A6C-A4E2-8B4E6112A97A} = {F8571AD8-8066-4A6C-A4E2-8B4E6112A97A}
	EndProjectSection
EndProject
Global
	GlobalSection(SolutionConfigurationPlatforms) = preSolution
		Debug|Any CPU = Debug|Any CPU
		Release|Any CPU = Release|Any CPU
	EndGlobalSection
	GlobalSection(ProjectConfigurationPlatforms) = postSolution
		{F8571AD8-8066-4A6C-A4E2-8B4E6112A97A}.Debug|Any CPU.ActiveCfg = Debug|Any CPU
		{F8571AD8-8066-4A6C-A4E2-8B4E6112A97A}.Debug|Any CPU.Build.0 = Debug|Any CPU
		{F8571AD8-8066-4A6C-A4E2-8B4E6112A97A}.Release|Any CPU.ActiveCfg = Release|Any CPU
		{F8571AD8-8066-4A6C-A4E2-8B4E6112A97A}.Release|Any CPU.Build.0 = Release|Any CPU
		{D882030D-0C73-46E7-8F27-498999586D0A}.Debug|Any CPU.ActiveCfg = Debug|Any CPU
		{D882030D-0C73-46E7-8F27-498999586D0A}.Debug|Any CPU.Build.0 = Debug|Any CPU
		{D882030D-0C73-46E7-8F27-498999586D0A}.Release|Any CPU.ActiveCfg = Release|Any CPU
		{D882030D-0C73-46E7-8F27-498999586D0A}.Release|Any CPU.Build.0 = Release|Any CPU
		{0966E5CD-26BC-47A9-92F4-E5E52622A85F}.Debug|Any CPU.ActiveCfg = Debug|Any CPU
		{0966E5CD-26BC-47A9-92F4-E5E52622A85F}.Debug|Any CPU.Build.0 = Debug|Any CPU
		{0966E5CD-26BC-47A9-92F4-E5E52622A85F}.Release|Any CPU.ActiveCfg = Release|Any CPU
		{0966E5CD-26BC-47A9-92F4-E5E52622A85F}.Release|Any CPU.Build.0 = Release|Any CPU
	EndGlobalSection
	GlobalSection(SolutionProperties) = preSolution
		HideSolutionNode = FALSE
	EndGlobalSection
EndGlobal
